
Microsoft Visual Studio Solution File, Format Version 12.00
# Visual Studio Version 17
VisualStudioVersion = 17.1.32228.430
MinimumVisualStudioVersion = 10.0.40219.1
Project("{9A19103F-16F7-4668-BE54-9A1E7A4F7556}") = "1_ArrayAndHashing", "1-ArraysAndHashing\main\1_ArrayAndHashing.csproj", "{9DABB8E5-8DA4-41D3-A7FF-53ED73883764}"
EndProject
Project("{9A19103F-16F7-4668-BE54-9A1E7A4F7556}") = "1_ArrayAndHashingTest", "1-ArraysAndHashing\testCases\1_ArrayAndHashingTest.csproj", "{C6B86A92-B7C2-4A2D-84F7-3A00065BFAB0}"
EndProject
Project("{9A19103F-16F7-4668-BE54-9A1E7A4F7556}") = "2_TwoPointers", "2-TwoPointers\main\2_TwoPointers.csproj", "{796958DE-A0FE-4B58-9C74-15F616290A61}"
EndProject
Project("{9A19103F-16F7-4668-BE54-9A1E7A4F7556}") = "2_TwoPointersTest", "2-TwoPointers\testCases\2_TwoPointersTest.csproj", "{54F9EE8E-F622-44F8-9808-293AD5D989F7}"
EndProject
Project("{9A19103F-16F7-4668-BE54-9A1E7A4F7556}") = "3_SlidingWindow", "3-SlidingWindow\main\3_SlidingWindow.csproj", "{52A4C138-47CC-4389-BBF7-99666EF40871}"
EndProject
Project("{9A19103F-16F7-4668-BE54-9A1E7A4F7556}") = "3_SlidingWindowTest", "3-SlidingWindow\testCases\3_SlidingWindowTest.csproj", "{128A29BC-E47D-4472-8D42-82F10DF2F913}"
EndProject
Project("{9A19103F-16F7-4668-BE54-9A1E7A4F7556}") = "4_Stack", "4-Stack\main\4_Stack.csproj", "{FF57683A-C50C-40AC-9A3E-FAE4CA4F6E67}"
EndProject
Project("{9A19103F-16F7-4668-BE54-9A1E7A4F7556}") = "4_StackTest", "4-Stack\testCases\4_StackTest.csproj", "{96BD3BDB-B187-4FCC-AD9B-27B3BBD7B658}"
EndProject
Project("{9A19103F-16F7-4668-BE54-9A1E7A4F7556}") = "5_BinarySearch", "5-BinarySearch\main\5_BinarySearch.csproj", "{17A67069-564B-4BFC-A1B4-9C3D2DE81F12}"
EndProject
Project("{9A19103F-16F7-4668-BE54-9A1E7A4F7556}") = "5_BinarySearchTest", "5-BinarySearch\testCases\5_BinarySearchTest.csproj", "{86B4817A-6C76-485E-97AB-13FB8FD6AD59}"
EndProject
Project("{FAE04EC0-301F-11D3-BF4B-00C04F79EFBC}") = "6_LinkedList", "6_LinkedList\6_LinkedList.csproj", "{1C4134E9-206A-403E-A30B-8F7218DEE515}"
EndProject
Project("{FAE04EC0-301F-11D3-BF4B-00C04F79EFBC}") = "6_LinkedListTests", "6_LinkedListTests\6_LinkedListTests.csproj", "{AA71C362-B7FA-4438-AAE7-790D5AF7249A}"
EndProject
Project("{FAE04EC0-301F-11D3-BF4B-00C04F79EFBC}") = "7_Tree", "7_Tree\7_Tree.csproj", "{F2EB10AE-9392-429A-A45E-C78D607C3991}"
EndProject
Project("{FAE04EC0-301F-11D3-BF4B-00C04F79EFBC}") = "7_TreeTests", "7_TreeTests\7_TreeTests.csproj", "{45D76512-F232-44E1-BF3D-D3DB3535FF86}"
EndProject
Project("{FAE04EC0-301F-11D3-BF4B-00C04F79EFBC}") = "11_Graphs", "11-Graphs\main\11_Graphs.csproj", "{C37779A8-151F-45A4-BABE-6A5CDE1F2BC7}"
EndProject
Project("{FAE04EC0-301F-11D3-BF4B-00C04F79EFBC}") = "11_GraphTests", "11-Graphs\testCases\11_GraphTests.csproj", "{93381A4B-634C-47D9-8944-09BA53891B19}"
EndProject
Project("{FAE04EC0-301F-11D3-BF4B-00C04F79EFBC}") = "13_1DDynamicProgramming", "13-1DDynamicProgramming\main\13_1DDynamicProgramming.csproj", "{51F7C5F4-9C31-4902-9E7B-F83B8F9FC097}"
EndProject
Project("{FAE04EC0-301F-11D3-BF4B-00C04F79EFBC}") = "13_1DDynamicProgramming_Tests", "13-1DDynamicProgramming\testCases\13_1DDynamicProgramming_Tests.csproj", "{611ED41C-6E09-4D4F-8930-9673D2A8EAEA}"
EndProject
Project("{FAE04EC0-301F-11D3-BF4B-00C04F79EFBC}") = "14_2dDynamicProgramming", "14-2dDynamicProgramming\main\14_2dDynamicProgramming.csproj", "{B6D3F5A7-B63C-43C1-A75B-D3E23B00A3E7}"
EndProject
Project("{FAE04EC0-301F-11D3-BF4B-00C04F79EFBC}") = "14_2dDynamicProgramming_Tests", "14-2dDynamicProgramming\testCases\14_2dDynamicProgramming_Tests.csproj", "{5FCA9284-B1FA-4C5F-A261-73E24DB0BD2D}"
EndProject
Project("{FAE04EC0-301F-11D3-BF4B-00C04F79EFBC}") = "16_Intervals", "16-Intervals\main\16_Intervals.csproj", "{D5741B86-7FA1-4452-AA31-38C489A07705}"
EndProject
Project("{FAE04EC0-301F-11D3-BF4B-00C04F79EFBC}") = "17_MathAndGeometry", "17-MathAndGeometry\main\17_MathAndGeometry.csproj", "{8742E765-B743-4C7A-8D57-BB4D801FD173}"
EndProject
Project("{FAE04EC0-301F-11D3-BF4B-00C04F79EFBC}") = "17_MathAndGeometry_Tests", "17-MathAndGeometry\testCases\17_MathAndGeometry_Tests.csproj", "{5DB20F5D-9C42-4ED8-8549-003756A1A5BB}"
EndProject
Project("{FAE04EC0-301F-11D3-BF4B-00C04F79EFBC}") = "18_BitManipulation", "18_BitManipulation\18_BitManipulation.csproj", "{07B9E897-D8FE-4D78-AF5E-DC2792C9525D}"
EndProject
Project("{FAE04EC0-301F-11D3-BF4B-00C04F79EFBC}") = "18_BitManipulation_Tests", "18_BitManipulation_Tests\18_BitManipulation_Tests.csproj", "{E65DC80C-5671-46BA-95A6-77B8FB7456AD}"
EndProject
Project("{FAE04EC0-301F-11D3-BF4B-00C04F79EFBC}") = "16_Intervals_Tests", "16_Intervals_Tests\16_Intervals_Tests.csproj", "{58105687-8782-463B-BD1C-94E4AAC78261}"
EndProject
Project("{FAE04EC0-301F-11D3-BF4B-00C04F79EFBC}") = "11_BackTracking", "11_BackTracking\11_BackTracking.csproj", "{F2855C68-0733-4263-B924-747B776F6136}"
EndProject
Project("{FAE04EC0-301F-11D3-BF4B-00C04F79EFBC}") = "_11_BackTracking_Tests", "_11_BackTracking_Tests\_11_BackTracking_Tests.csproj", "{135B7EE6-04EA-4239-8905-3D1B498BB180}"
EndProject
Project("{2150E333-8FDC-42A3-9474-1A3956D46DE8}") = "AmazonQuestions", "AmazonQuestions", "{DDAC7B9E-9159-4527-B022-8D5DE7F2D3DF}"
EndProject
Project("{FAE04EC0-301F-11D3-BF4B-00C04F79EFBC}") = "MakeArrayZeroBySubtractingEqualAmounts", "MakeArrayZeroBySubtractingEqualAmounts\MakeArrayZeroBySubtractingEqualAmounts.csproj", "{D0352AA7-C7FC-4EC6-99FF-E41B5A8CE3E3}"
EndProject
Global
	GlobalSection(SolutionConfigurationPlatforms) = preSolution
		Debug|Any CPU = Debug|Any CPU
		Release|Any CPU = Release|Any CPU
	EndGlobalSection
	GlobalSection(ProjectConfigurationPlatforms) = postSolution
		{9DABB8E5-8DA4-41D3-A7FF-53ED73883764}.Debug|Any CPU.ActiveCfg = Debug|Any CPU
		{9DABB8E5-8DA4-41D3-A7FF-53ED73883764}.Debug|Any CPU.Build.0 = Debug|Any CPU
		{9DABB8E5-8DA4-41D3-A7FF-53ED73883764}.Release|Any CPU.ActiveCfg = Release|Any CPU
		{9DABB8E5-8DA4-41D3-A7FF-53ED73883764}.Release|Any CPU.Build.0 = Release|Any CPU
		{C6B86A92-B7C2-4A2D-84F7-3A00065BFAB0}.Debug|Any CPU.ActiveCfg = Debug|Any CPU
		{C6B86A92-B7C2-4A2D-84F7-3A00065BFAB0}.Debug|Any CPU.Build.0 = Debug|Any CPU
		{C6B86A92-B7C2-4A2D-84F7-3A00065BFAB0}.Release|Any CPU.ActiveCfg = Release|Any CPU
		{C6B86A92-B7C2-4A2D-84F7-3A00065BFAB0}.Release|Any CPU.Build.0 = Release|Any CPU
		{796958DE-A0FE-4B58-9C74-15F616290A61}.Debug|Any CPU.ActiveCfg = Debug|Any CPU
		{796958DE-A0FE-4B58-9C74-15F616290A61}.Debug|Any CPU.Build.0 = Debug|Any CPU
		{796958DE-A0FE-4B58-9C74-15F616290A61}.Release|Any CPU.ActiveCfg = Release|Any CPU
		{796958DE-A0FE-4B58-9C74-15F616290A61}.Release|Any CPU.Build.0 = Release|Any CPU
		{54F9EE8E-F622-44F8-9808-293AD5D989F7}.Debug|Any CPU.ActiveCfg = Debug|Any CPU
		{54F9EE8E-F622-44F8-9808-293AD5D989F7}.Debug|Any CPU.Build.0 = Debug|Any CPU
		{54F9EE8E-F622-44F8-9808-293AD5D989F7}.Release|Any CPU.ActiveCfg = Release|Any CPU
		{54F9EE8E-F622-44F8-9808-293AD5D989F7}.Release|Any CPU.Build.0 = Release|Any CPU
		{52A4C138-47CC-4389-BBF7-99666EF40871}.Debug|Any CPU.ActiveCfg = Debug|Any CPU
		{52A4C138-47CC-4389-BBF7-99666EF40871}.Debug|Any CPU.Build.0 = Debug|Any CPU
		{52A4C138-47CC-4389-BBF7-99666EF40871}.Release|Any CPU.ActiveCfg = Release|Any CPU
		{52A4C138-47CC-4389-BBF7-99666EF40871}.Release|Any CPU.Build.0 = Release|Any CPU
		{128A29BC-E47D-4472-8D42-82F10DF2F913}.Debug|Any CPU.ActiveCfg = Debug|Any CPU
		{128A29BC-E47D-4472-8D42-82F10DF2F913}.Debug|Any CPU.Build.0 = Debug|Any CPU
		{128A29BC-E47D-4472-8D42-82F10DF2F913}.Release|Any CPU.ActiveCfg = Release|Any CPU
		{128A29BC-E47D-4472-8D42-82F10DF2F913}.Release|Any CPU.Build.0 = Release|Any CPU
		{FF57683A-C50C-40AC-9A3E-FAE4CA4F6E67}.Debug|Any CPU.ActiveCfg = Debug|Any CPU
		{FF57683A-C50C-40AC-9A3E-FAE4CA4F6E67}.Debug|Any CPU.Build.0 = Debug|Any CPU
		{FF57683A-C50C-40AC-9A3E-FAE4CA4F6E67}.Release|Any CPU.ActiveCfg = Release|Any CPU
		{FF57683A-C50C-40AC-9A3E-FAE4CA4F6E67}.Release|Any CPU.Build.0 = Release|Any CPU
		{96BD3BDB-B187-4FCC-AD9B-27B3BBD7B658}.Debug|Any CPU.ActiveCfg = Debug|Any CPU
		{96BD3BDB-B187-4FCC-AD9B-27B3BBD7B658}.Debug|Any CPU.Build.0 = Debug|Any CPU
		{96BD3BDB-B187-4FCC-AD9B-27B3BBD7B658}.Release|Any CPU.ActiveCfg = Release|Any CPU
		{96BD3BDB-B187-4FCC-AD9B-27B3BBD7B658}.Release|Any CPU.Build.0 = Release|Any CPU
		{17A67069-564B-4BFC-A1B4-9C3D2DE81F12}.Debug|Any CPU.ActiveCfg = Debug|Any CPU
		{17A67069-564B-4BFC-A1B4-9C3D2DE81F12}.Debug|Any CPU.Build.0 = Debug|Any CPU
		{17A67069-564B-4BFC-A1B4-9C3D2DE81F12}.Release|Any CPU.ActiveCfg = Release|Any CPU
		{17A67069-564B-4BFC-A1B4-9C3D2DE81F12}.Release|Any CPU.Build.0 = Release|Any CPU
		{86B4817A-6C76-485E-97AB-13FB8FD6AD59}.Debug|Any CPU.ActiveCfg = Debug|Any CPU
		{86B4817A-6C76-485E-97AB-13FB8FD6AD59}.Debug|Any CPU.Build.0 = Debug|Any CPU
		{86B4817A-6C76-485E-97AB-13FB8FD6AD59}.Release|Any CPU.ActiveCfg = Release|Any CPU
		{86B4817A-6C76-485E-97AB-13FB8FD6AD59}.Release|Any CPU.Build.0 = Release|Any CPU
		{1C4134E9-206A-403E-A30B-8F7218DEE515}.Debug|Any CPU.ActiveCfg = Debug|Any CPU
		{1C4134E9-206A-403E-A30B-8F7218DEE515}.Debug|Any CPU.Build.0 = Debug|Any CPU
		{1C4134E9-206A-403E-A30B-8F7218DEE515}.Release|Any CPU.ActiveCfg = Release|Any CPU
		{1C4134E9-206A-403E-A30B-8F7218DEE515}.Release|Any CPU.Build.0 = Release|Any CPU
		{AA71C362-B7FA-4438-AAE7-790D5AF7249A}.Debug|Any CPU.ActiveCfg = Debug|Any CPU
		{AA71C362-B7FA-4438-AAE7-790D5AF7249A}.Debug|Any CPU.Build.0 = Debug|Any CPU
		{AA71C362-B7FA-4438-AAE7-790D5AF7249A}.Release|Any CPU.ActiveCfg = Release|Any CPU
		{AA71C362-B7FA-4438-AAE7-790D5AF7249A}.Release|Any CPU.Build.0 = Release|Any CPU
		{F2EB10AE-9392-429A-A45E-C78D607C3991}.Debug|Any CPU.ActiveCfg = Debug|Any CPU
		{F2EB10AE-9392-429A-A45E-C78D607C3991}.Debug|Any CPU.Build.0 = Debug|Any CPU
		{F2EB10AE-9392-429A-A45E-C78D607C3991}.Release|Any CPU.ActiveCfg = Release|Any CPU
		{F2EB10AE-9392-429A-A45E-C78D607C3991}.Release|Any CPU.Build.0 = Release|Any CPU
		{45D76512-F232-44E1-BF3D-D3DB3535FF86}.Debug|Any CPU.ActiveCfg = Debug|Any CPU
		{45D76512-F232-44E1-BF3D-D3DB3535FF86}.Debug|Any CPU.Build.0 = Debug|Any CPU
		{45D76512-F232-44E1-BF3D-D3DB3535FF86}.Release|Any CPU.ActiveCfg = Release|Any CPU
		{45D76512-F232-44E1-BF3D-D3DB3535FF86}.Release|Any CPU.Build.0 = Release|Any CPU
		{C37779A8-151F-45A4-BABE-6A5CDE1F2BC7}.Debug|Any CPU.ActiveCfg = Debug|Any CPU
		{C37779A8-151F-45A4-BABE-6A5CDE1F2BC7}.Debug|Any CPU.Build.0 = Debug|Any CPU
		{C37779A8-151F-45A4-BABE-6A5CDE1F2BC7}.Release|Any CPU.ActiveCfg = Release|Any CPU
		{C37779A8-151F-45A4-BABE-6A5CDE1F2BC7}.Release|Any CPU.Build.0 = Release|Any CPU
		{494B9FFF-945D-470D-87B1-0180155B965D}.Debug|Any CPU.ActiveCfg = Debug|Any CPU
		{494B9FFF-945D-470D-87B1-0180155B965D}.Debug|Any CPU.Build.0 = Debug|Any CPU
		{494B9FFF-945D-470D-87B1-0180155B965D}.Release|Any CPU.ActiveCfg = Release|Any CPU
		{494B9FFF-945D-470D-87B1-0180155B965D}.Release|Any CPU.Build.0 = Release|Any CPU
		{93381A4B-634C-47D9-8944-09BA53891B19}.Debug|Any CPU.ActiveCfg = Debug|Any CPU
		{93381A4B-634C-47D9-8944-09BA53891B19}.Debug|Any CPU.Build.0 = Debug|Any CPU
		{93381A4B-634C-47D9-8944-09BA53891B19}.Release|Any CPU.ActiveCfg = Release|Any CPU
		{93381A4B-634C-47D9-8944-09BA53891B19}.Release|Any CPU.Build.0 = Release|Any CPU
		{51F7C5F4-9C31-4902-9E7B-F83B8F9FC097}.Debug|Any CPU.ActiveCfg = Debug|Any CPU
		{51F7C5F4-9C31-4902-9E7B-F83B8F9FC097}.Debug|Any CPU.Build.0 = Debug|Any CPU
		{51F7C5F4-9C31-4902-9E7B-F83B8F9FC097}.Release|Any CPU.ActiveCfg = Release|Any CPU
		{51F7C5F4-9C31-4902-9E7B-F83B8F9FC097}.Release|Any CPU.Build.0 = Release|Any CPU
		{611ED41C-6E09-4D4F-8930-9673D2A8EAEA}.Debug|Any CPU.ActiveCfg = Debug|Any CPU
		{611ED41C-6E09-4D4F-8930-9673D2A8EAEA}.Debug|Any CPU.Build.0 = Debug|Any CPU
		{611ED41C-6E09-4D4F-8930-9673D2A8EAEA}.Release|Any CPU.ActiveCfg = Release|Any CPU
		{611ED41C-6E09-4D4F-8930-9673D2A8EAEA}.Release|Any CPU.Build.0 = Release|Any CPU
		{B6D3F5A7-B63C-43C1-A75B-D3E23B00A3E7}.Debug|Any CPU.ActiveCfg = Debug|Any CPU
		{B6D3F5A7-B63C-43C1-A75B-D3E23B00A3E7}.Debug|Any CPU.Build.0 = Debug|Any CPU
		{B6D3F5A7-B63C-43C1-A75B-D3E23B00A3E7}.Release|Any CPU.ActiveCfg = Release|Any CPU
		{B6D3F5A7-B63C-43C1-A75B-D3E23B00A3E7}.Release|Any CPU.Build.0 = Release|Any CPU
		{5FCA9284-B1FA-4C5F-A261-73E24DB0BD2D}.Debug|Any CPU.ActiveCfg = Debug|Any CPU
		{5FCA9284-B1FA-4C5F-A261-73E24DB0BD2D}.Debug|Any CPU.Build.0 = Debug|Any CPU
		{5FCA9284-B1FA-4C5F-A261-73E24DB0BD2D}.Release|Any CPU.ActiveCfg = Release|Any CPU
		{5FCA9284-B1FA-4C5F-A261-73E24DB0BD2D}.Release|Any CPU.Build.0 = Release|Any CPU
		{D5741B86-7FA1-4452-AA31-38C489A07705}.Debug|Any CPU.ActiveCfg = Debug|Any CPU
		{D5741B86-7FA1-4452-AA31-38C489A07705}.Debug|Any CPU.Build.0 = Debug|Any CPU
		{D5741B86-7FA1-4452-AA31-38C489A07705}.Release|Any CPU.ActiveCfg = Release|Any CPU
		{D5741B86-7FA1-4452-AA31-38C489A07705}.Release|Any CPU.Build.0 = Release|Any CPU
		{8742E765-B743-4C7A-8D57-BB4D801FD173}.Debug|Any CPU.ActiveCfg = Debug|Any CPU
		{8742E765-B743-4C7A-8D57-BB4D801FD173}.Debug|Any CPU.Build.0 = Debug|Any CPU
		{8742E765-B743-4C7A-8D57-BB4D801FD173}.Release|Any CPU.ActiveCfg = Release|Any CPU
		{8742E765-B743-4C7A-8D57-BB4D801FD173}.Release|Any CPU.Build.0 = Release|Any CPU
		{5DB20F5D-9C42-4ED8-8549-003756A1A5BB}.Debug|Any CPU.ActiveCfg = Debug|Any CPU
		{5DB20F5D-9C42-4ED8-8549-003756A1A5BB}.Debug|Any CPU.Build.0 = Debug|Any CPU
		{5DB20F5D-9C42-4ED8-8549-003756A1A5BB}.Release|Any CPU.ActiveCfg = Release|Any CPU
		{5DB20F5D-9C42-4ED8-8549-003756A1A5BB}.Release|Any CPU.Build.0 = Release|Any CPU
		{07B9E897-D8FE-4D78-AF5E-DC2792C9525D}.Debug|Any CPU.ActiveCfg = Debug|Any CPU
		{07B9E897-D8FE-4D78-AF5E-DC2792C9525D}.Debug|Any CPU.Build.0 = Debug|Any CPU
		{07B9E897-D8FE-4D78-AF5E-DC2792C9525D}.Release|Any CPU.ActiveCfg = Release|Any CPU
		{07B9E897-D8FE-4D78-AF5E-DC2792C9525D}.Release|Any CPU.Build.0 = Release|Any CPU
		{E65DC80C-5671-46BA-95A6-77B8FB7456AD}.Debug|Any CPU.ActiveCfg = Debug|Any CPU
		{E65DC80C-5671-46BA-95A6-77B8FB7456AD}.Debug|Any CPU.Build.0 = Debug|Any CPU
		{E65DC80C-5671-46BA-95A6-77B8FB7456AD}.Release|Any CPU.ActiveCfg = Release|Any CPU
		{E65DC80C-5671-46BA-95A6-77B8FB7456AD}.Release|Any CPU.Build.0 = Release|Any CPU
		{58105687-8782-463B-BD1C-94E4AAC78261}.Debug|Any CPU.ActiveCfg = Debug|Any CPU
		{58105687-8782-463B-BD1C-94E4AAC78261}.Debug|Any CPU.Build.0 = Debug|Any CPU
		{58105687-8782-463B-BD1C-94E4AAC78261}.Release|Any CPU.ActiveCfg = Release|Any CPU
		{58105687-8782-463B-BD1C-94E4AAC78261}.Release|Any CPU.Build.0 = Release|Any CPU
		{F2855C68-0733-4263-B924-747B776F6136}.Debug|Any CPU.ActiveCfg = Debug|Any CPU
		{F2855C68-0733-4263-B924-747B776F6136}.Debug|Any CPU.Build.0 = Debug|Any CPU
		{F2855C68-0733-4263-B924-747B776F6136}.Release|Any CPU.ActiveCfg = Release|Any CPU
		{F2855C68-0733-4263-B924-747B776F6136}.Release|Any CPU.Build.0 = Release|Any CPU
		{135B7EE6-04EA-4239-8905-3D1B498BB180}.Debug|Any CPU.ActiveCfg = Debug|Any CPU
		{135B7EE6-04EA-4239-8905-3D1B498BB180}.Debug|Any CPU.Build.0 = Debug|Any CPU
		{135B7EE6-04EA-4239-8905-3D1B498BB180}.Release|Any CPU.ActiveCfg = Release|Any CPU
		{135B7EE6-04EA-4239-8905-3D1B498BB180}.Release|Any CPU.Build.0 = Release|Any CPU
		{D0352AA7-C7FC-4EC6-99FF-E41B5A8CE3E3}.Debug|Any CPU.ActiveCfg = Debug|Any CPU
		{D0352AA7-C7FC-4EC6-99FF-E41B5A8CE3E3}.Debug|Any CPU.Build.0 = Debug|Any CPU
		{D0352AA7-C7FC-4EC6-99FF-E41B5A8CE3E3}.Release|Any CPU.ActiveCfg = Release|Any CPU
		{D0352AA7-C7FC-4EC6-99FF-E41B5A8CE3E3}.Release|Any CPU.Build.0 = Release|Any CPU
	EndGlobalSection
	GlobalSection(SolutionProperties) = preSolution
		HideSolutionNode = FALSE
	EndGlobalSection
	GlobalSection(ExtensibilityGlobals) = postSolution
		SolutionGuid = {A141F795-740A-43DD-9D6C-4619181B495F}
	EndGlobalSection
	GlobalSection(NestedProjects) = preSolution
		{D0352AA7-C7FC-4EC6-99FF-E41B5A8CE3E3} = {DDAC7B9E-9159-4527-B022-8D5DE7F2D3DF}
	EndGlobalSection
EndGlobal
